
Microsoft Visual Studio Solution File, Format Version 12.00
# Visual Studio Version 17
VisualStudioVersion = 17.1.32210.238
MinimumVisualStudioVersion = 10.0.40219.1
Project("{FAE04EC0-301F-11D3-BF4B-00C04F79EFBC}") = "M05_SOAP", "M05_SOAP\M05_SOAP.csproj", "{8FCE77CC-BC46-4538-9FB0-FF3F54C5FAF3}"
EndProject
Project("{FAE04EC0-301F-11D3-BF4B-00C04F79EFBC}") = "M05_Services", "M05_Services\M05_Services.csproj", "{5CF4EA1B-DCBC-41EC-82E0-7E278FF19F10}"
EndProject
Project("{FAE04EC0-301F-11D3-BF4B-00C04F79EFBC}") = "M05_Client", "M05_Client\M05_Client.csproj", "{17B2396E-755B-4288-A230-2CE239FBFB91}"
EndProject
Global
	GlobalSection(SolutionConfigurationPlatforms) = preSolution
		Debug|Any CPU = Debug|Any CPU
		Release|Any CPU = Release|Any CPU
	EndGlobalSection
	GlobalSection(ProjectConfigurationPlatforms) = postSolution
		{8FCE77CC-BC46-4538-9FB0-FF3F54C5FAF3}.Debug|Any CPU.ActiveCfg = Debug|Any CPU
		{8FCE77CC-BC46-4538-9FB0-FF3F54C5FAF3}.Debug|Any CPU.Build.0 = Debug|Any CPU
		{8FCE77CC-BC46-4538-9FB0-FF3F54C5FAF3}.Release|Any CPU.ActiveCfg = Release|Any CPU
		{8FCE77CC-BC46-4538-9FB0-FF3F54C5FAF3}.Release|Any CPU.Build.0 = Release|Any CPU
		{5CF4EA1B-DCBC-41EC-82E0-7E278FF19F10}.Debug|Any CPU.ActiveCfg = Debug|Any CPU
		{5CF4EA1B-DCBC-41EC-82E0-7E278FF19F10}.Debug|Any CPU.Build.0 = Debug|Any CPU
		{5CF4EA1B-DCBC-41EC-82E0-7E278FF19F10}.Release|Any CPU.ActiveCfg = Release|Any CPU
		{5CF4EA1B-DCBC-41EC-82E0-7E278FF19F10}.Release|Any CPU.Build.0 = Release|Any CPU
		{17B2396E-755B-4288-A230-2CE239FBFB91}.Debug|Any CPU.ActiveCfg = Debug|Any CPU
		{17B2396E-755B-4288-A230-2CE239FBFB91}.Debug|Any CPU.Build.0 = Debug|Any CPU
		{17B2396E-755B-4288-A230-2CE239FBFB91}.Release|Any CPU.ActiveCfg = Release|Any CPU
		{17B2396E-755B-4288-A230-2CE239FBFB91}.Release|Any CPU.Build.0 = Release|Any CPU
	EndGlobalSection
	GlobalSection(SolutionProperties) = preSolution
		HideSolutionNode = FALSE
	EndGlobalSection
	GlobalSection(ExtensibilityGlobals) = postSolution
		SolutionGuid = {4ED82935-A00D-4E95-B6B6-A28ED2161E4C}
	EndGlobalSection
EndGlobal
