
Microsoft Visual Studio Solution File, Format Version 12.00
# Visual Studio Version 17
VisualStudioVersion = 17.1.32210.238
MinimumVisualStudioVersion = 10.0.40219.1
Project("{FAE04EC0-301F-11D3-BF4B-00C04F79EFBC}") = "M08_Application", "M08_Application\M08_Application.csproj", "{120822B4-6F5F-4EA4-A714-2FEABC8E8230}"
EndProject
Project("{FAE04EC0-301F-11D3-BF4B-00C04F79EFBC}") = "M08_DAL_ServiceStatistiqueClientele", "M08_DAL_ServiceStatistiqueClientele\M08_DAL_ServiceStatistiqueClientele.csproj", "{F9DE6FAB-FB4D-4909-90BA-65CF49172930}"
EndProject
Project("{FAE04EC0-301F-11D3-BF4B-00C04F79EFBC}") = "M08_BL_ServiceStatistiqueClientele", "M08_BL_ServiceStatistiqueClientele\M08_BL_ServiceStatistiqueClientele.csproj", "{24ED2D6B-F011-4DC1-90FD-3CE26824B9A8}"
EndProject
Global
	GlobalSection(SolutionConfigurationPlatforms) = preSolution
		Debug|Any CPU = Debug|Any CPU
		Release|Any CPU = Release|Any CPU
	EndGlobalSection
	GlobalSection(ProjectConfigurationPlatforms) = postSolution
		{120822B4-6F5F-4EA4-A714-2FEABC8E8230}.Debug|Any CPU.ActiveCfg = Debug|Any CPU
		{120822B4-6F5F-4EA4-A714-2FEABC8E8230}.Debug|Any CPU.Build.0 = Debug|Any CPU
		{120822B4-6F5F-4EA4-A714-2FEABC8E8230}.Release|Any CPU.ActiveCfg = Release|Any CPU
		{120822B4-6F5F-4EA4-A714-2FEABC8E8230}.Release|Any CPU.Build.0 = Release|Any CPU
		{F9DE6FAB-FB4D-4909-90BA-65CF49172930}.Debug|Any CPU.ActiveCfg = Debug|Any CPU
		{F9DE6FAB-FB4D-4909-90BA-65CF49172930}.Debug|Any CPU.Build.0 = Debug|Any CPU
		{F9DE6FAB-FB4D-4909-90BA-65CF49172930}.Release|Any CPU.ActiveCfg = Release|Any CPU
		{F9DE6FAB-FB4D-4909-90BA-65CF49172930}.Release|Any CPU.Build.0 = Release|Any CPU
		{24ED2D6B-F011-4DC1-90FD-3CE26824B9A8}.Debug|Any CPU.ActiveCfg = Debug|Any CPU
		{24ED2D6B-F011-4DC1-90FD-3CE26824B9A8}.Debug|Any CPU.Build.0 = Debug|Any CPU
		{24ED2D6B-F011-4DC1-90FD-3CE26824B9A8}.Release|Any CPU.ActiveCfg = Release|Any CPU
		{24ED2D6B-F011-4DC1-90FD-3CE26824B9A8}.Release|Any CPU.Build.0 = Release|Any CPU
	EndGlobalSection
	GlobalSection(SolutionProperties) = preSolution
		HideSolutionNode = FALSE
	EndGlobalSection
	GlobalSection(ExtensibilityGlobals) = postSolution
		SolutionGuid = {2E587F43-435F-4810-A887-80FE5A6CF861}
	EndGlobalSection
EndGlobal
