
Microsoft Visual Studio Solution File, Format Version 12.00
# Visual Studio Version 17
VisualStudioVersion = 17.1.32210.238
MinimumVisualStudioVersion = 10.0.40219.1
Project("{FAE04EC0-301F-11D3-BF4B-00C04F79EFBC}") = "M02_ReconnaissanceVisage", "M02_ReconnaissanceVisage\M02_ReconnaissanceVisage.csproj", "{36D53FEA-AD7E-4532-BF36-3D1EA3523B55}"
EndProject
Project("{FAE04EC0-301F-11D3-BF4B-00C04F79EFBC}") = "M02_ReconnaissanceVIsage_LibrairieClasses", "M02_ReconnaissanceVIsage_LibrairieClasses\M02_ReconnaissanceVIsage_LibrairieClasses.csproj", "{975B8F8C-0265-48C1-BB32-0B72012EB657}"
EndProject
Global
	GlobalSection(SolutionConfigurationPlatforms) = preSolution
		Debug|Any CPU = Debug|Any CPU
		Release|Any CPU = Release|Any CPU
	EndGlobalSection
	GlobalSection(ProjectConfigurationPlatforms) = postSolution
		{36D53FEA-AD7E-4532-BF36-3D1EA3523B55}.Debug|Any CPU.ActiveCfg = Debug|Any CPU
		{36D53FEA-AD7E-4532-BF36-3D1EA3523B55}.Debug|Any CPU.Build.0 = Debug|Any CPU
		{36D53FEA-AD7E-4532-BF36-3D1EA3523B55}.Release|Any CPU.ActiveCfg = Release|Any CPU
		{36D53FEA-AD7E-4532-BF36-3D1EA3523B55}.Release|Any CPU.Build.0 = Release|Any CPU
		{975B8F8C-0265-48C1-BB32-0B72012EB657}.Debug|Any CPU.ActiveCfg = Debug|Any CPU
		{975B8F8C-0265-48C1-BB32-0B72012EB657}.Debug|Any CPU.Build.0 = Debug|Any CPU
		{975B8F8C-0265-48C1-BB32-0B72012EB657}.Release|Any CPU.ActiveCfg = Release|Any CPU
		{975B8F8C-0265-48C1-BB32-0B72012EB657}.Release|Any CPU.Build.0 = Release|Any CPU
	EndGlobalSection
	GlobalSection(SolutionProperties) = preSolution
		HideSolutionNode = FALSE
	EndGlobalSection
	GlobalSection(ExtensibilityGlobals) = postSolution
		SolutionGuid = {68261455-B048-4210-B648-BE5B8E5F3DD1}
	EndGlobalSection
EndGlobal
