
Microsoft Visual Studio Solution File, Format Version 12.00
# Visual Studio Version 17
VisualStudioVersion = 17.1.32210.238
MinimumVisualStudioVersion = 10.0.40219.1
Project("{FAE04EC0-301F-11D3-BF4B-00C04F79EFBC}") = "M01_Fichiers_Texte", "M01_Fichiers_Texte\M01_Fichiers_Texte.csproj", "{EE18FDEA-442F-4B31-8573-32F8E1884FC0}"
EndProject
Project("{FAE04EC0-301F-11D3-BF4B-00C04F79EFBC}") = "M01_Srv_Municipalite", "M01_Srv_Municipalite\M01_Srv_Municipalite.csproj", "{6FAF4CC3-BE64-4D8E-80A5-BEC3F788C4E8}"
EndProject
Project("{FAE04EC0-301F-11D3-BF4B-00C04F79EFBC}") = "M01_DAL_MunicipaliteSQLServer", "M01_DAL_MunicipaliteSQLServer\M01_DAL_MunicipaliteSQLServer.csproj", "{A25C5615-CC94-496A-9C74-937D6FA91D1E}"
EndProject
Project("{FAE04EC0-301F-11D3-BF4B-00C04F79EFBC}") = "M01_DAL_Import_Munic_CSV", "M01_DAL_Import_Munic_CSV\M01_DAL_Import_Munic_CSV.csproj", "{7653232C-45E5-4E3C-B176-912A4A919E87}"
EndProject
Global
	GlobalSection(SolutionConfigurationPlatforms) = preSolution
		Debug|Any CPU = Debug|Any CPU
		Release|Any CPU = Release|Any CPU
	EndGlobalSection
	GlobalSection(ProjectConfigurationPlatforms) = postSolution
		{EE18FDEA-442F-4B31-8573-32F8E1884FC0}.Debug|Any CPU.ActiveCfg = Debug|Any CPU
		{EE18FDEA-442F-4B31-8573-32F8E1884FC0}.Debug|Any CPU.Build.0 = Debug|Any CPU
		{EE18FDEA-442F-4B31-8573-32F8E1884FC0}.Release|Any CPU.ActiveCfg = Release|Any CPU
		{EE18FDEA-442F-4B31-8573-32F8E1884FC0}.Release|Any CPU.Build.0 = Release|Any CPU
		{6FAF4CC3-BE64-4D8E-80A5-BEC3F788C4E8}.Debug|Any CPU.ActiveCfg = Debug|Any CPU
		{6FAF4CC3-BE64-4D8E-80A5-BEC3F788C4E8}.Debug|Any CPU.Build.0 = Debug|Any CPU
		{6FAF4CC3-BE64-4D8E-80A5-BEC3F788C4E8}.Release|Any CPU.ActiveCfg = Release|Any CPU
		{6FAF4CC3-BE64-4D8E-80A5-BEC3F788C4E8}.Release|Any CPU.Build.0 = Release|Any CPU
		{A25C5615-CC94-496A-9C74-937D6FA91D1E}.Debug|Any CPU.ActiveCfg = Debug|Any CPU
		{A25C5615-CC94-496A-9C74-937D6FA91D1E}.Debug|Any CPU.Build.0 = Debug|Any CPU
		{A25C5615-CC94-496A-9C74-937D6FA91D1E}.Release|Any CPU.ActiveCfg = Release|Any CPU
		{A25C5615-CC94-496A-9C74-937D6FA91D1E}.Release|Any CPU.Build.0 = Release|Any CPU
		{7653232C-45E5-4E3C-B176-912A4A919E87}.Debug|Any CPU.ActiveCfg = Debug|Any CPU
		{7653232C-45E5-4E3C-B176-912A4A919E87}.Debug|Any CPU.Build.0 = Debug|Any CPU
		{7653232C-45E5-4E3C-B176-912A4A919E87}.Release|Any CPU.ActiveCfg = Release|Any CPU
		{7653232C-45E5-4E3C-B176-912A4A919E87}.Release|Any CPU.Build.0 = Release|Any CPU
	EndGlobalSection
	GlobalSection(SolutionProperties) = preSolution
		HideSolutionNode = FALSE
	EndGlobalSection
	GlobalSection(ExtensibilityGlobals) = postSolution
		SolutionGuid = {6B5659F2-E9AC-4997-8697-11B5BB4EA75E}
	EndGlobalSection
EndGlobal
