
Microsoft Visual Studio Solution File, Format Version 12.00
# Visual Studio Version 16
VisualStudioVersion = 16.0.31829.152
MinimumVisualStudioVersion = 10.0.40219.1
Project("{FAE04EC0-301F-11D3-BF4B-00C04F79EFBC}") = "M01_Fichiers_Texte", "M01_Fichiers_Texte\M01_Fichiers_Texte.csproj", "{132D4DB7-75DF-492F-AEF4-D25AAB294C10}"
EndProject
Project("{FAE04EC0-301F-11D3-BF4B-00C04F79EFBC}") = "M01_Srv_Municipalite", "M01_Srv_Municipalite\M01_Srv_Municipalite.csproj", "{E6E771B3-9580-45B3-8B88-171B709DC237}"
EndProject
Project("{FAE04EC0-301F-11D3-BF4B-00C04F79EFBC}") = "M01_DAL_Municipalite_SQLServer", "M01_DAL_Municipalite_SQLServer\M01_DAL_Municipalite_SQLServer.csproj", "{E160878C-8698-48B3-B6D6-5332426BFA0F}"
EndProject
Global
	GlobalSection(SolutionConfigurationPlatforms) = preSolution
		Debug|Any CPU = Debug|Any CPU
		Release|Any CPU = Release|Any CPU
	EndGlobalSection
	GlobalSection(ProjectConfigurationPlatforms) = postSolution
		{132D4DB7-75DF-492F-AEF4-D25AAB294C10}.Debug|Any CPU.ActiveCfg = Debug|Any CPU
		{132D4DB7-75DF-492F-AEF4-D25AAB294C10}.Debug|Any CPU.Build.0 = Debug|Any CPU
		{132D4DB7-75DF-492F-AEF4-D25AAB294C10}.Release|Any CPU.ActiveCfg = Release|Any CPU
		{132D4DB7-75DF-492F-AEF4-D25AAB294C10}.Release|Any CPU.Build.0 = Release|Any CPU
		{E6E771B3-9580-45B3-8B88-171B709DC237}.Debug|Any CPU.ActiveCfg = Debug|Any CPU
		{E6E771B3-9580-45B3-8B88-171B709DC237}.Debug|Any CPU.Build.0 = Debug|Any CPU
		{E6E771B3-9580-45B3-8B88-171B709DC237}.Release|Any CPU.ActiveCfg = Release|Any CPU
		{E6E771B3-9580-45B3-8B88-171B709DC237}.Release|Any CPU.Build.0 = Release|Any CPU
		{E160878C-8698-48B3-B6D6-5332426BFA0F}.Debug|Any CPU.ActiveCfg = Debug|Any CPU
		{E160878C-8698-48B3-B6D6-5332426BFA0F}.Debug|Any CPU.Build.0 = Debug|Any CPU
		{E160878C-8698-48B3-B6D6-5332426BFA0F}.Release|Any CPU.ActiveCfg = Release|Any CPU
		{E160878C-8698-48B3-B6D6-5332426BFA0F}.Release|Any CPU.Build.0 = Release|Any CPU
	EndGlobalSection
	GlobalSection(SolutionProperties) = preSolution
		HideSolutionNode = FALSE
	EndGlobalSection
	GlobalSection(ExtensibilityGlobals) = postSolution
		SolutionGuid = {CE49F087-DC8E-4330-9A8D-E5B3BBC056B6}
	EndGlobalSection
EndGlobal
